
Microsoft Visual Studio Solution File, Format Version 12.00
# Visual Studio Version 17
VisualStudioVersion = 17.10.35013.160
MinimumVisualStudioVersion = 10.0.40219.1
Project("{2150E333-8FDC-42A3-9474-1A3956D46DE8}") = "Basicos", "Basicos", "{BF6DEA4E-AFF9-4524-B670-EA9511F60610}"
EndProject
Project("{9A19103F-16F7-4668-BE54-9A1E7A4F7556}") = "ProyectoHolaMundo", "ProyectoHolaMundo\ProyectoHolaMundo.csproj", "{25B15632-0C9E-4E25-9563-970471FAA3E0}"
EndProject
Project("{9A19103F-16F7-4668-BE54-9A1E7A4F7556}") = "ProyectoVariablesTiposDeDatos", "ProyectoVariablesTiposDeDatos\ProyectoVariablesTiposDeDatos.csproj", "{6C47B2B7-8F29-4FE8-A1A6-F18CA41023B0}"
EndProject
Project("{9A19103F-16F7-4668-BE54-9A1E7A4F7556}") = "ConvencionesParaVariables", "ConvencionesParaVariables\ConvencionesParaVariables.csproj", "{CC858366-36A8-401E-9BCE-736412FEB7AA}"
EndProject
Project("{9A19103F-16F7-4668-BE54-9A1E7A4F7556}") = "ConversionesExplicitasEImplicitas", "ConversionesExplicitasEImplicitas\ConversionesExplicitasEImplicitas.csproj", "{8ECB1162-BCD2-48E4-AA89-6BB71053051D}"
EndProject
Project("{9A19103F-16F7-4668-BE54-9A1E7A4F7556}") = "Constantes", "Constantes\Constantes.csproj", "{FFE09598-2EFA-41D4-A513-0E2F0C02DE69}"
EndProject
Project("{9A19103F-16F7-4668-BE54-9A1E7A4F7556}") = "Operadores", "Operadores\Operadores.csproj", "{B40D4D28-07B6-4FDA-BE52-DE1A20AFB6A7}"
EndProject
Project("{9A19103F-16F7-4668-BE54-9A1E7A4F7556}") = "TomaDeDecisiones", "TomaDeDecisiones\TomaDeDecisiones.csproj", "{5BA6313A-8B36-4BF2-94A8-55CB0ABEF74B}"
EndProject
Project("{9A19103F-16F7-4668-BE54-9A1E7A4F7556}") = "Bucles", "Bucles\Bucles.csproj", "{EB3BEEDA-AD41-4D06-987D-26CFEC026123}"
EndProject
Project("{9A19103F-16F7-4668-BE54-9A1E7A4F7556}") = "Arreglos", "Arreglos\Arreglos.csproj", "{C11124F0-5025-470A-85DE-8B73E8557E1A}"
EndProject
Project("{2150E333-8FDC-42A3-9474-1A3956D46DE8}") = "POO", "POO", "{88B45665-FC80-4980-AC9A-EE08BA11533C}"
EndProject
Project("{2150E333-8FDC-42A3-9474-1A3956D46DE8}") = "Ejercicios", "Ejercicios", "{75E46AC6-5D06-4B11-B9DC-F5C1F5DAEB17}"
EndProject
Project("{9A19103F-16F7-4668-BE54-9A1E7A4F7556}") = "EstoyTocandoBanjo", "EstoyTocandoBanjo\EstoyTocandoBanjo.csproj", "{EAE120BD-5FF9-48A7-B7AD-3D41C0E0B5C1}"
EndProject
Project("{9A19103F-16F7-4668-BE54-9A1E7A4F7556}") = "SumaDeLaMatriz", "SumaDeLaMatriz\SumaDeLaMatriz.csproj", "{57CB487C-AB9A-436A-B306-0476FE0FBC57}"
EndProject
Project("{9A19103F-16F7-4668-BE54-9A1E7A4F7556}") = "DuplicarNumeroEntero", "DuplicarNumeroEntero\DuplicarNumeroEntero.csproj", "{5062EC1D-AE62-428E-AF97-B4A2549558F8}"
EndProject
Project("{9A19103F-16F7-4668-BE54-9A1E7A4F7556}") = "ConvertirANegativo", "ConvertirANegativo\ConvertirANegativo.csproj", "{438CFA69-CBCC-4011-AEB9-EA6BFAC5BA0A}"
EndProject
Project("{9A19103F-16F7-4668-BE54-9A1E7A4F7556}") = "BalasYDragones", "BalasYDragones\BalasYDragones.csproj", "{BE490E6A-A719-48A2-B96C-6CA680260D95}"
EndProject
Project("{9A19103F-16F7-4668-BE54-9A1E7A4F7556}") = "ClasesYObjetos", "ClasesYObjetos\ClasesYObjetos.csproj", "{5B5438D4-B69C-493D-A146-2E332D6FAA46}"
EndProject
Project("{FAE04EC0-301F-11D3-BF4B-00C04F79EFBC}") = "Metodos", "Metodos\Metodos.csproj", "{15064577-2B22-4A0D-9DE7-C4923A83AF96}"
EndProject
Project("{FAE04EC0-301F-11D3-BF4B-00C04F79EFBC}") = "MetodoConstructor", "MetodoConstructor\MetodoConstructor.csproj", "{A522AC04-EA5D-42A2-BF1D-9E3B4C13AB74}"
EndProject
Project("{FAE04EC0-301F-11D3-BF4B-00C04F79EFBC}") = "Propiedades", "Propiedades\Propiedades.csproj", "{1507BAA9-C21A-4426-A942-BAB46F16DFB0}"
EndProject
Project("{FAE04EC0-301F-11D3-BF4B-00C04F79EFBC}") = "Herencia", "Herencia\Herencia.csproj", "{9DAA3C2A-0426-47A7-ADEA-3B6A0C5F8D2A}"
EndProject
Project("{FAE04EC0-301F-11D3-BF4B-00C04F79EFBC}") = "SobrecargaDeMetodos", "SobrecargaDeMetodos\SobrecargaDeMetodos.csproj", "{6424E50B-D1B4-4005-8C2D-5302C90C132A}"
EndProject
Project("{FAE04EC0-301F-11D3-BF4B-00C04F79EFBC}") = "SobrescrituraDeMetodos", "SobrescrituraDeMetodos\SobrescrituraDeMetodos.csproj", "{73B12DCC-68FB-44B1-AEF7-944DDA97B5B5}"
EndProject
Project("{2150E333-8FDC-42A3-9474-1A3956D46DE8}") = "Elementos de la solución", "Elementos de la solución", "{8488E539-B1A8-4FE2-97F1-2AC149B20671}"
	ProjectSection(SolutionItems) = preProject
		.gitignore = .gitignore
	EndProjectSection
EndProject
Global
	GlobalSection(SolutionConfigurationPlatforms) = preSolution
		Debug|Any CPU = Debug|Any CPU
		Release|Any CPU = Release|Any CPU
	EndGlobalSection
	GlobalSection(ProjectConfigurationPlatforms) = postSolution
		{25B15632-0C9E-4E25-9563-970471FAA3E0}.Debug|Any CPU.ActiveCfg = Debug|Any CPU
		{25B15632-0C9E-4E25-9563-970471FAA3E0}.Debug|Any CPU.Build.0 = Debug|Any CPU
		{25B15632-0C9E-4E25-9563-970471FAA3E0}.Release|Any CPU.ActiveCfg = Release|Any CPU
		{25B15632-0C9E-4E25-9563-970471FAA3E0}.Release|Any CPU.Build.0 = Release|Any CPU
		{6C47B2B7-8F29-4FE8-A1A6-F18CA41023B0}.Debug|Any CPU.ActiveCfg = Debug|Any CPU
		{6C47B2B7-8F29-4FE8-A1A6-F18CA41023B0}.Debug|Any CPU.Build.0 = Debug|Any CPU
		{6C47B2B7-8F29-4FE8-A1A6-F18CA41023B0}.Release|Any CPU.ActiveCfg = Release|Any CPU
		{6C47B2B7-8F29-4FE8-A1A6-F18CA41023B0}.Release|Any CPU.Build.0 = Release|Any CPU
		{CC858366-36A8-401E-9BCE-736412FEB7AA}.Debug|Any CPU.ActiveCfg = Debug|Any CPU
		{CC858366-36A8-401E-9BCE-736412FEB7AA}.Debug|Any CPU.Build.0 = Debug|Any CPU
		{CC858366-36A8-401E-9BCE-736412FEB7AA}.Release|Any CPU.ActiveCfg = Release|Any CPU
		{CC858366-36A8-401E-9BCE-736412FEB7AA}.Release|Any CPU.Build.0 = Release|Any CPU
		{8ECB1162-BCD2-48E4-AA89-6BB71053051D}.Debug|Any CPU.ActiveCfg = Debug|Any CPU
		{8ECB1162-BCD2-48E4-AA89-6BB71053051D}.Debug|Any CPU.Build.0 = Debug|Any CPU
		{8ECB1162-BCD2-48E4-AA89-6BB71053051D}.Release|Any CPU.ActiveCfg = Release|Any CPU
		{8ECB1162-BCD2-48E4-AA89-6BB71053051D}.Release|Any CPU.Build.0 = Release|Any CPU
		{FFE09598-2EFA-41D4-A513-0E2F0C02DE69}.Debug|Any CPU.ActiveCfg = Debug|Any CPU
		{FFE09598-2EFA-41D4-A513-0E2F0C02DE69}.Debug|Any CPU.Build.0 = Debug|Any CPU
		{FFE09598-2EFA-41D4-A513-0E2F0C02DE69}.Release|Any CPU.ActiveCfg = Release|Any CPU
		{FFE09598-2EFA-41D4-A513-0E2F0C02DE69}.Release|Any CPU.Build.0 = Release|Any CPU
		{B40D4D28-07B6-4FDA-BE52-DE1A20AFB6A7}.Debug|Any CPU.ActiveCfg = Debug|Any CPU
		{B40D4D28-07B6-4FDA-BE52-DE1A20AFB6A7}.Debug|Any CPU.Build.0 = Debug|Any CPU
		{B40D4D28-07B6-4FDA-BE52-DE1A20AFB6A7}.Release|Any CPU.ActiveCfg = Release|Any CPU
		{B40D4D28-07B6-4FDA-BE52-DE1A20AFB6A7}.Release|Any CPU.Build.0 = Release|Any CPU
		{5BA6313A-8B36-4BF2-94A8-55CB0ABEF74B}.Debug|Any CPU.ActiveCfg = Debug|Any CPU
		{5BA6313A-8B36-4BF2-94A8-55CB0ABEF74B}.Debug|Any CPU.Build.0 = Debug|Any CPU
		{5BA6313A-8B36-4BF2-94A8-55CB0ABEF74B}.Release|Any CPU.ActiveCfg = Release|Any CPU
		{5BA6313A-8B36-4BF2-94A8-55CB0ABEF74B}.Release|Any CPU.Build.0 = Release|Any CPU
		{EB3BEEDA-AD41-4D06-987D-26CFEC026123}.Debug|Any CPU.ActiveCfg = Debug|Any CPU
		{EB3BEEDA-AD41-4D06-987D-26CFEC026123}.Debug|Any CPU.Build.0 = Debug|Any CPU
		{EB3BEEDA-AD41-4D06-987D-26CFEC026123}.Release|Any CPU.ActiveCfg = Release|Any CPU
		{EB3BEEDA-AD41-4D06-987D-26CFEC026123}.Release|Any CPU.Build.0 = Release|Any CPU
		{C11124F0-5025-470A-85DE-8B73E8557E1A}.Debug|Any CPU.ActiveCfg = Debug|Any CPU
		{C11124F0-5025-470A-85DE-8B73E8557E1A}.Debug|Any CPU.Build.0 = Debug|Any CPU
		{C11124F0-5025-470A-85DE-8B73E8557E1A}.Release|Any CPU.ActiveCfg = Release|Any CPU
		{C11124F0-5025-470A-85DE-8B73E8557E1A}.Release|Any CPU.Build.0 = Release|Any CPU
		{EAE120BD-5FF9-48A7-B7AD-3D41C0E0B5C1}.Debug|Any CPU.ActiveCfg = Debug|Any CPU
		{EAE120BD-5FF9-48A7-B7AD-3D41C0E0B5C1}.Debug|Any CPU.Build.0 = Debug|Any CPU
		{EAE120BD-5FF9-48A7-B7AD-3D41C0E0B5C1}.Release|Any CPU.ActiveCfg = Release|Any CPU
		{EAE120BD-5FF9-48A7-B7AD-3D41C0E0B5C1}.Release|Any CPU.Build.0 = Release|Any CPU
		{57CB487C-AB9A-436A-B306-0476FE0FBC57}.Debug|Any CPU.ActiveCfg = Debug|Any CPU
		{57CB487C-AB9A-436A-B306-0476FE0FBC57}.Debug|Any CPU.Build.0 = Debug|Any CPU
		{57CB487C-AB9A-436A-B306-0476FE0FBC57}.Release|Any CPU.ActiveCfg = Release|Any CPU
		{57CB487C-AB9A-436A-B306-0476FE0FBC57}.Release|Any CPU.Build.0 = Release|Any CPU
		{5062EC1D-AE62-428E-AF97-B4A2549558F8}.Debug|Any CPU.ActiveCfg = Debug|Any CPU
		{5062EC1D-AE62-428E-AF97-B4A2549558F8}.Debug|Any CPU.Build.0 = Debug|Any CPU
		{5062EC1D-AE62-428E-AF97-B4A2549558F8}.Release|Any CPU.ActiveCfg = Release|Any CPU
		{5062EC1D-AE62-428E-AF97-B4A2549558F8}.Release|Any CPU.Build.0 = Release|Any CPU
		{438CFA69-CBCC-4011-AEB9-EA6BFAC5BA0A}.Debug|Any CPU.ActiveCfg = Debug|Any CPU
		{438CFA69-CBCC-4011-AEB9-EA6BFAC5BA0A}.Debug|Any CPU.Build.0 = Debug|Any CPU
		{438CFA69-CBCC-4011-AEB9-EA6BFAC5BA0A}.Release|Any CPU.ActiveCfg = Release|Any CPU
		{438CFA69-CBCC-4011-AEB9-EA6BFAC5BA0A}.Release|Any CPU.Build.0 = Release|Any CPU
		{BE490E6A-A719-48A2-B96C-6CA680260D95}.Debug|Any CPU.ActiveCfg = Debug|Any CPU
		{BE490E6A-A719-48A2-B96C-6CA680260D95}.Debug|Any CPU.Build.0 = Debug|Any CPU
		{BE490E6A-A719-48A2-B96C-6CA680260D95}.Release|Any CPU.ActiveCfg = Release|Any CPU
		{BE490E6A-A719-48A2-B96C-6CA680260D95}.Release|Any CPU.Build.0 = Release|Any CPU
		{5B5438D4-B69C-493D-A146-2E332D6FAA46}.Debug|Any CPU.ActiveCfg = Debug|Any CPU
		{5B5438D4-B69C-493D-A146-2E332D6FAA46}.Debug|Any CPU.Build.0 = Debug|Any CPU
		{5B5438D4-B69C-493D-A146-2E332D6FAA46}.Release|Any CPU.ActiveCfg = Release|Any CPU
		{5B5438D4-B69C-493D-A146-2E332D6FAA46}.Release|Any CPU.Build.0 = Release|Any CPU
		{15064577-2B22-4A0D-9DE7-C4923A83AF96}.Debug|Any CPU.ActiveCfg = Debug|Any CPU
		{15064577-2B22-4A0D-9DE7-C4923A83AF96}.Debug|Any CPU.Build.0 = Debug|Any CPU
		{15064577-2B22-4A0D-9DE7-C4923A83AF96}.Release|Any CPU.ActiveCfg = Release|Any CPU
		{15064577-2B22-4A0D-9DE7-C4923A83AF96}.Release|Any CPU.Build.0 = Release|Any CPU
		{A522AC04-EA5D-42A2-BF1D-9E3B4C13AB74}.Debug|Any CPU.ActiveCfg = Debug|Any CPU
		{A522AC04-EA5D-42A2-BF1D-9E3B4C13AB74}.Debug|Any CPU.Build.0 = Debug|Any CPU
		{A522AC04-EA5D-42A2-BF1D-9E3B4C13AB74}.Release|Any CPU.ActiveCfg = Release|Any CPU
		{A522AC04-EA5D-42A2-BF1D-9E3B4C13AB74}.Release|Any CPU.Build.0 = Release|Any CPU
		{1507BAA9-C21A-4426-A942-BAB46F16DFB0}.Debug|Any CPU.ActiveCfg = Debug|Any CPU
		{1507BAA9-C21A-4426-A942-BAB46F16DFB0}.Debug|Any CPU.Build.0 = Debug|Any CPU
		{1507BAA9-C21A-4426-A942-BAB46F16DFB0}.Release|Any CPU.ActiveCfg = Release|Any CPU
		{1507BAA9-C21A-4426-A942-BAB46F16DFB0}.Release|Any CPU.Build.0 = Release|Any CPU
		{9DAA3C2A-0426-47A7-ADEA-3B6A0C5F8D2A}.Debug|Any CPU.ActiveCfg = Debug|Any CPU
		{9DAA3C2A-0426-47A7-ADEA-3B6A0C5F8D2A}.Debug|Any CPU.Build.0 = Debug|Any CPU
		{9DAA3C2A-0426-47A7-ADEA-3B6A0C5F8D2A}.Release|Any CPU.ActiveCfg = Release|Any CPU
		{9DAA3C2A-0426-47A7-ADEA-3B6A0C5F8D2A}.Release|Any CPU.Build.0 = Release|Any CPU
		{6424E50B-D1B4-4005-8C2D-5302C90C132A}.Debug|Any CPU.ActiveCfg = Debug|Any CPU
		{6424E50B-D1B4-4005-8C2D-5302C90C132A}.Debug|Any CPU.Build.0 = Debug|Any CPU
		{6424E50B-D1B4-4005-8C2D-5302C90C132A}.Release|Any CPU.ActiveCfg = Release|Any CPU
		{6424E50B-D1B4-4005-8C2D-5302C90C132A}.Release|Any CPU.Build.0 = Release|Any CPU
		{73B12DCC-68FB-44B1-AEF7-944DDA97B5B5}.Debug|Any CPU.ActiveCfg = Debug|Any CPU
		{73B12DCC-68FB-44B1-AEF7-944DDA97B5B5}.Debug|Any CPU.Build.0 = Debug|Any CPU
		{73B12DCC-68FB-44B1-AEF7-944DDA97B5B5}.Release|Any CPU.ActiveCfg = Release|Any CPU
		{73B12DCC-68FB-44B1-AEF7-944DDA97B5B5}.Release|Any CPU.Build.0 = Release|Any CPU
	EndGlobalSection
	GlobalSection(SolutionProperties) = preSolution
		HideSolutionNode = FALSE
	EndGlobalSection
	GlobalSection(NestedProjects) = preSolution
		{25B15632-0C9E-4E25-9563-970471FAA3E0} = {BF6DEA4E-AFF9-4524-B670-EA9511F60610}
		{6C47B2B7-8F29-4FE8-A1A6-F18CA41023B0} = {BF6DEA4E-AFF9-4524-B670-EA9511F60610}
		{CC858366-36A8-401E-9BCE-736412FEB7AA} = {BF6DEA4E-AFF9-4524-B670-EA9511F60610}
		{8ECB1162-BCD2-48E4-AA89-6BB71053051D} = {BF6DEA4E-AFF9-4524-B670-EA9511F60610}
		{FFE09598-2EFA-41D4-A513-0E2F0C02DE69} = {BF6DEA4E-AFF9-4524-B670-EA9511F60610}
		{B40D4D28-07B6-4FDA-BE52-DE1A20AFB6A7} = {BF6DEA4E-AFF9-4524-B670-EA9511F60610}
		{5BA6313A-8B36-4BF2-94A8-55CB0ABEF74B} = {BF6DEA4E-AFF9-4524-B670-EA9511F60610}
		{EB3BEEDA-AD41-4D06-987D-26CFEC026123} = {BF6DEA4E-AFF9-4524-B670-EA9511F60610}
		{C11124F0-5025-470A-85DE-8B73E8557E1A} = {BF6DEA4E-AFF9-4524-B670-EA9511F60610}
		{EAE120BD-5FF9-48A7-B7AD-3D41C0E0B5C1} = {75E46AC6-5D06-4B11-B9DC-F5C1F5DAEB17}
		{57CB487C-AB9A-436A-B306-0476FE0FBC57} = {75E46AC6-5D06-4B11-B9DC-F5C1F5DAEB17}
		{5062EC1D-AE62-428E-AF97-B4A2549558F8} = {75E46AC6-5D06-4B11-B9DC-F5C1F5DAEB17}
		{438CFA69-CBCC-4011-AEB9-EA6BFAC5BA0A} = {75E46AC6-5D06-4B11-B9DC-F5C1F5DAEB17}
		{BE490E6A-A719-48A2-B96C-6CA680260D95} = {75E46AC6-5D06-4B11-B9DC-F5C1F5DAEB17}
		{5B5438D4-B69C-493D-A146-2E332D6FAA46} = {88B45665-FC80-4980-AC9A-EE08BA11533C}
		{15064577-2B22-4A0D-9DE7-C4923A83AF96} = {88B45665-FC80-4980-AC9A-EE08BA11533C}
		{A522AC04-EA5D-42A2-BF1D-9E3B4C13AB74} = {88B45665-FC80-4980-AC9A-EE08BA11533C}
		{1507BAA9-C21A-4426-A942-BAB46F16DFB0} = {88B45665-FC80-4980-AC9A-EE08BA11533C}
		{9DAA3C2A-0426-47A7-ADEA-3B6A0C5F8D2A} = {88B45665-FC80-4980-AC9A-EE08BA11533C}
		{6424E50B-D1B4-4005-8C2D-5302C90C132A} = {88B45665-FC80-4980-AC9A-EE08BA11533C}
		{73B12DCC-68FB-44B1-AEF7-944DDA97B5B5} = {88B45665-FC80-4980-AC9A-EE08BA11533C}
	EndGlobalSection
	GlobalSection(ExtensibilityGlobals) = postSolution
		SolutionGuid = {B737ACE1-7F9D-4A33-9412-9ADAAACF97F8}
	EndGlobalSection
EndGlobal
